
Microsoft Visual Studio Solution File, Format Version 12.00
# Visual Studio Version 16
VisualStudioVersion = 16.0.29709.97
MinimumVisualStudioVersion = 10.0.40219.1
Project("{FAE04EC0-301F-11D3-BF4B-00C04F79EFBC}") = "Xadrez_console", "Xadrez_console.csproj", "{4EBDC7C2-6B45-4B25-9FF4-7F2C03319FBB}"
EndProject
Global
	GlobalSection(SolutionConfigurationPlatforms) = preSolution
		Debug|Any CPU = Debug|Any CPU
		Release|Any CPU = Release|Any CPU
	EndGlobalSection
	GlobalSection(ProjectConfigurationPlatforms) = postSolution
		{4EBDC7C2-6B45-4B25-9FF4-7F2C03319FBB}.Debug|Any CPU.ActiveCfg = Debug|Any CPU
		{4EBDC7C2-6B45-4B25-9FF4-7F2C03319FBB}.Debug|Any CPU.Build.0 = Debug|Any CPU
		{4EBDC7C2-6B45-4B25-9FF4-7F2C03319FBB}.Release|Any CPU.ActiveCfg = Release|Any CPU
		{4EBDC7C2-6B45-4B25-9FF4-7F2C03319FBB}.Release|Any CPU.Build.0 = Release|Any CPU
	EndGlobalSection
	GlobalSection(SolutionProperties) = preSolution
		HideSolutionNode = FALSE
	EndGlobalSection
	GlobalSection(ExtensibilityGlobals) = postSolution
		SolutionGuid = {5258E396-02BF-4EF7-8D9D-8847EF573522}
	EndGlobalSection
EndGlobal
